# This file is automatically @generated by Cargo.
# It is not intended for manual editing.
version = 4

[[package]]
name = "blake2s"
version = "0.1.0"
dependencies = [
 "leanvm-guest",
]

[[package]]
name = "fibonacci"
version = "0.1.0"
dependencies = [
 "leanvm-guest",
]

[[package]]
name = "hash"
version = "0.1.0"
dependencies = [
 "leanvm-guest",
]

[[package]]
name = "leanvm-guest"
version = "0.1.0"

[[package]]
name = "numbers"
version = "0.1.0"
dependencies = [
 "leanvm-guest",
]

[[package]]
name = "preimage"
version = "0.1.0"
dependencies = [
 "leanvm-guest",
]
